
Microsoft Visual Studio Solution File, Format Version 12.00
# Visual Studio Version 17
VisualStudioVersion = 17.2.32630.192
MinimumVisualStudioVersion = 10.0.40219.1
Project("{FAE04EC0-301F-11D3-BF4B-00C04F79EFBC}") = "MayNapKhiTPA", "MayNapKhiTPA\MayNapKhiTPA.csproj", "{F39ABD25-B95B-426D-BD54-F6D723A2827D}"
EndProject
Global
	GlobalSection(SolutionConfigurationPlatforms) = preSolution
		Debug|Any CPU = Debug|Any CPU
		Release|Any CPU = Release|Any CPU
	EndGlobalSection
	GlobalSection(ProjectConfigurationPlatforms) = postSolution
		{F39ABD25-B95B-426D-BD54-F6D723A2827D}.Debug|Any CPU.ActiveCfg = Debug|Any CPU
		{F39ABD25-B95B-426D-BD54-F6D723A2827D}.Debug|Any CPU.Build.0 = Debug|Any CPU
		{F39ABD25-B95B-426D-BD54-F6D723A2827D}.Release|Any CPU.ActiveCfg = Release|Any CPU
		{F39ABD25-B95B-426D-BD54-F6D723A2827D}.Release|Any CPU.Build.0 = Release|Any CPU
	EndGlobalSection
	GlobalSection(SolutionProperties) = preSolution
		HideSolutionNode = FALSE
	EndGlobalSection
	GlobalSection(ExtensibilityGlobals) = postSolution
		SolutionGuid = {05C2D359-333E-48FE-A556-8086D58A16B1}
	EndGlobalSection
EndGlobal
